// !$*UTF8*$!
{
	archiveVersion = 1;
	classes = {
	};
	objectVersion = 50;
	objects = {

/* Begin PBXBuildFile section */
		C1B803BE21E419F00058888B /* CatTableViewController.swift in Sources */ = {isa = PBXBuildFile; fileRef = C1B803BD21E419F00058888B /* CatTableViewController.swift */; };
		C1B803C021E41AE50058888B /* CatTableViewCell.swift in Sources */ = {isa = PBXBuildFile; fileRef = C1B803BF21E41AE50058888B /* CatTableViewCell.swift */; };
		C1B803C321E434110058888B /* Cat.swift in Sources */ = {isa = PBXBuildFile; fileRef = C1B803C221E434110058888B /* Cat.swift */; };
		C1B803C521E439770058888B /* DetailViewController.swift in Sources */ = {isa = PBXBuildFile; fileRef = C1B803C421E439770058888B /* DetailViewController.swift */; };
		C1D7658D21E3F11A004C8D22 /* AppDelegate.swift in Sources */ = {isa = PBXBuildFile; fileRef = C1D7658C21E3F11A004C8D22 /* AppDelegate.swift */; };
		C1D7658F21E3F11A004C8D22 /* ViewController.swift in Sources */ = {isa = PBXBuildFile; fileRef = C1D7658E21E3F11A004C8D22 /* ViewController.swift */; };
		C1D7659221E3F11A004C8D22 /* Main.storyboard in Resources */ = {isa = PBXBuildFile; fileRef = C1D7659021E3F11A004C8D22 /* Main.storyboard */; };
		C1D7659421E3F11C004C8D22 /* Assets.xcassets in Resources */ = {isa = PBXBuildFile; fileRef = C1D7659321E3F11C004C8D22 /* Assets.xcassets */; };
		C1D7659721E3F11C004C8D22 /* LaunchScreen.storyboard in Resources */ = {isa = PBXBuildFile; fileRef = C1D7659521E3F11C004C8D22 /* LaunchScreen.storyboard */; };
		C1D765A221E3F11C004C8D22 /* Toy_2Tests.swift in Sources */ = {isa = PBXBuildFile; fileRef = C1D765A121E3F11C004C8D22 /* Toy_2Tests.swift */; };
		C1D765AD21E3F11C004C8D22 /* Toy_2UITests.swift in Sources */ = {isa = PBXBuildFile; fileRef = C1D765AC21E3F11C004C8D22 /* Toy_2UITests.swift */; };
/* End PBXBuildFile section */

/* Begin PBXContainerItemProxy section */
		C1D7659E21E3F11C004C8D22 /* PBXContainerItemProxy */ = {
			isa = PBXContainerItemProxy;
			containerPortal = C1D7658121E3F11A004C8D22 /* Project object */;
			proxyType = 1;
			remoteGlobalIDString = C1D7658821E3F11A004C8D22;
			remoteInfo = Toy_2;
		};
		C1D765A921E3F11C004C8D22 /* PBXContainerItemProxy */ = {
			isa = PBXContainerItemProxy;
			containerPortal = C1D7658121E3F11A004C8D22 /* Project object */;
			proxyType = 1;
			remoteGlobalIDString = C1D7658821E3F11A004C8D22;
			remoteInfo = Toy_2;
		};
/* End PBXContainerItemProxy section */

/* Begin PBXFileReference section */
		C1B803BD21E419F00058888B /* CatTableViewController.swift */ = {isa = PBXFileReference; lastKnownFileType = sourcecode.swift; path = CatTableViewController.swift; sourceTree = "<group>"; };
		C1B803BF21E41AE50058888B /* CatTableViewCell.swift */ = {isa = PBXFileReference; lastKnownFileType = sourcecode.swift; path = CatTableViewCell.swift; sourceTree = "<group>"; };
		C1B803C221E434110058888B /* Cat.swift */ = {isa = PBXFileReference; lastKnownFileType = sourcecode.swift; path = Cat.swift; sourceTree = "<group>"; };
		C1B803C421E439770058888B /* DetailViewController.swift */ = {isa = PBXFileReference; lastKnownFileType = sourcecode.swift; path = DetailViewController.swift; sourceTree = "<group>"; };
		C1D7658921E3F11A004C8D22 /* Toy_2.app */ = {isa = PBXFileReference; explicitFileType = wrapper.application; includeInIndex = 0; path = Toy_2.app; sourceTree = BUILT_PRODUCTS_DIR; };
		C1D7658C21E3F11A004C8D22 /* AppDelegate.swift */ = {isa = PBXFileReference; lastKnownFileType = sourcecode.swift; path = AppDelegate.swift; sourceTree = "<group>"; };
		C1D7658E21E3F11A004C8D22 /* ViewController.swift */ = {isa = PBXFileReference; lastKnownFileType = sourcecode.swift; path = ViewController.swift; sourceTree = "<group>"; };
		C1D7659121E3F11A004C8D22 /* Base */ = {isa = PBXFileReference; lastKnownFileType = file.storyboard; name = Base; path = Base.lproj/Main.storyboard; sourceTree = "<group>"; };
		C1D7659321E3F11C004C8D22 /* Assets.xcassets */ = {isa = PBXFileReference; lastKnownFileType = folder.assetcatalog; path = Assets.xcassets; sourceTree = "<group>"; };
		C1D7659621E3F11C004C8D22 /* Base */ = {isa = PBXFileReference; lastKnownFileType = file.storyboard; name = Base; path = Base.lproj/LaunchScreen.storyboard; sourceTree = "<group>"; };
		C1D7659821E3F11C004C8D22 /* Info.plist */ = {isa = PBXFileReference; lastKnownFileType = text.plist.xml; path = Info.plist; sourceTree = "<group>"; };
		C1D7659D21E3F11C004C8D22 /* Toy_2Tests.xctest */ = {isa = PBXFileReference; explicitFileType = wrapper.cfbundle; includeInIndex = 0; path = Toy_2Tests.xctest; sourceTree = BUILT_PRODUCTS_DIR; };
		C1D765A121E3F11C004C8D22 /* Toy_2Tests.swift */ = {isa = PBXFileReference; lastKnownFileType = sourcecode.swift; path = Toy_2Tests.swift; sourceTree = "<group>"; };
		C1D765A321E3F11C004C8D22 /* Info.plist */ = {isa = PBXFileReference; lastKnownFileType = text.plist.xml; path = Info.plist; sourceTree = "<group>"; };
		C1D765A821E3F11C004C8D22 /* Toy_2UITests.xctest */ = {isa = PBXFileReference; explicitFileType = wrapper.cfbundle; includeInIndex = 0; path = Toy_2UITests.xctest; sourceTree = BUILT_PRODUCTS_DIR; };
		C1D765AC21E3F11C004C8D22 /* Toy_2UITests.swift */ = {isa = PBXFileReference; lastKnownFileType = sourcecode.swift; path = Toy_2UITests.swift; sourceTree = "<group>"; };
		C1D765AE21E3F11C004C8D22 /* Info.plist */ = {isa = PBXFileReference; lastKnownFileType = text.plist.xml; path = Info.plist; sourceTree = "<group>"; };
/* End PBXFileReference section */

/* Begin PBXFrameworksBuildPhase section */
		C1D7658621E3F11A004C8D22 /* Frameworks */ = {
			isa = PBXFrameworksBuildPhase;
			buildActionMask = 2147483647;
			files = (
			);
			runOnlyForDeploymentPostprocessing = 0;
		};
		C1D7659A21E3F11C004C8D22 /* Frameworks */ = {
			isa = PBXFrameworksBuildPhase;
			buildActionMask = 2147483647;
			files = (
			);
			runOnlyForDeploymentPostprocessing = 0;
		};
		C1D765A521E3F11C004C8D22 /* Frameworks */ = {
			isa = PBXFrameworksBuildPhase;
			buildActionMask = 2147483647;
			files = (
			);
			runOnlyForDeploymentPostprocessing = 0;
		};
/* End PBXFrameworksBuildPhase section */

/* Begin PBXGroup section */
		C1B803C121E433BC0058888B /* Backend Model */ = {
			isa = PBXGroup;
			children = (
				C1B803C221E434110058888B /* Cat.swift */,
			);
			path = "Backend Model";
			sourceTree = "<group>";
		};
		C1D7658021E3F11A004C8D22 = {
			isa = PBXGroup;
			children = (
				C1D7658B21E3F11A004C8D22 /* Toy_2 */,
				C1D765A021E3F11C004C8D22 /* Toy_2Tests */,
				C1D765AB21E3F11C004C8D22 /* Toy_2UITests */,
				C1D7658A21E3F11A004C8D22 /* Products */,
			);
			sourceTree = "<group>";
		};
		C1D7658A21E3F11A004C8D22 /* Products */ = {
			isa = PBXGroup;
			children = (
				C1D7658921E3F11A004C8D22 /* Toy_2.app */,
				C1D7659D21E3F11C004C8D22 /* Toy_2Tests.xctest */,
				C1D765A821E3F11C004C8D22 /* Toy_2UITests.xctest */,
			);
			name = Products;
			sourceTree = "<group>";
		};
		C1D7658B21E3F11A004C8D22 /* Toy_2 */ = {
			isa = PBXGroup;
			children = (
				C1D7658C21E3F11A004C8D22 /* AppDelegate.swift */,
				C1D7658E21E3F11A004C8D22 /* ViewController.swift */,
				C1D7659021E3F11A004C8D22 /* Main.storyboard */,
				C1B803C421E439770058888B /* DetailViewController.swift */,
				C1B803BD21E419F00058888B /* CatTableViewController.swift */,
				C1B803C121E433BC0058888B /* Backend Model */,
				C1B803BF21E41AE50058888B /* CatTableViewCell.swift */,
				C1D7659321E3F11C004C8D22 /* Assets.xcassets */,
				C1D7659521E3F11C004C8D22 /* LaunchScreen.storyboard */,
				C1D7659821E3F11C004C8D22 /* Info.plist */,
			);
			path = Toy_2;
			sourceTree = "<group>";
		};
		C1D765A021E3F11C004C8D22 /* Toy_2Tests */ = {
			isa = PBXGroup;
			children = (
				C1D765A121E3F11C004C8D22 /* Toy_2Tests.swift */,
				C1D765A321E3F11C004C8D22 /* Info.plist */,
			);
			path = Toy_2Tests;
			sourceTree = "<group>";
		};
		C1D765AB21E3F11C004C8D22 /* Toy_2UITests */ = {
			isa = PBXGroup;
			children = (
				C1D765AC21E3F11C004C8D22 /* Toy_2UITests.swift */,
				C1D765AE21E3F11C004C8D22 /* Info.plist */,
			);
			path = Toy_2UITests;
			sourceTree = "<group>";
		};
/* End PBXGroup section */

/* Begin PBXNativeTarget section */
		C1D7658821E3F11A004C8D22 /* Toy_2 */ = {
			isa = PBXNativeTarget;
			buildConfigurationList = C1D765B121E3F11C004C8D22 /* Build configuration list for PBXNativeTarget "Toy_2" */;
			buildPhases = (
				C1D7658521E3F11A004C8D22 /* Sources */,
				C1D7658621E3F11A004C8D22 /* Frameworks */,
				C1D7658721E3F11A004C8D22 /* Resources */,
			);
			buildRules = (
			);
			dependencies = (
			);
			name = Toy_2;
			productName = Toy_2;
			productReference = C1D7658921E3F11A004C8D22 /* Toy_2.app */;
			productType = "com.apple.product-type.application";
		};
		C1D7659C21E3F11C004C8D22 /* Toy_2Tests */ = {
			isa = PBXNativeTarget;
			buildConfigurationList = C1D765B421E3F11C004C8D22 /* Build configuration list for PBXNativeTarget "Toy_2Tests" */;
			buildPhases = (
				C1D7659921E3F11C004C8D22 /* Sources */,
				C1D7659A21E3F11C004C8D22 /* Frameworks */,
				C1D7659B21E3F11C004C8D22 /* Resources */,
			);
			buildRules = (
			);
			dependencies = (
				C1D7659F21E3F11C004C8D22 /* PBXTargetDependency */,
			);
			name = Toy_2Tests;
			productName = Toy_2Tests;
			productReference = C1D7659D21E3F11C004C8D22 /* Toy_2Tests.xctest */;
			productType = "com.apple.product-type.bundle.unit-test";
		};
		C1D765A721E3F11C004C8D22 /* Toy_2UITests */ = {
			isa = PBXNativeTarget;
			buildConfigurationList = C1D765B721E3F11C004C8D22 /* Build configuration list for PBXNativeTarget "Toy_2UITests" */;
			buildPhases = (
				C1D765A421E3F11C004C8D22 /* Sources */,
				C1D765A521E3F11C004C8D22 /* Frameworks */,
				C1D765A621E3F11C004C8D22 /* Resources */,
			);
			buildRules = (
			);
			dependencies = (
				C1D765AA21E3F11C004C8D22 /* PBXTargetDependency */,
			);
			name = Toy_2UITests;
			productName = Toy_2UITests;
			productReference = C1D765A821E3F11C004C8D22 /* Toy_2UITests.xctest */;
			productType = "com.apple.product-type.bundle.ui-testing";
		};
/* End PBXNativeTarget section */

/* Begin PBXProject section */
		C1D7658121E3F11A004C8D22 /* Project object */ = {
			isa = PBXProject;
			attributes = {
				LastSwiftUpdateCheck = 1010;
				LastUpgradeCheck = 1010;
				ORGANIZATIONNAME = appdev;
				TargetAttributes = {
					C1D7658821E3F11A004C8D22 = {
						CreatedOnToolsVersion = 10.1;
					};
					C1D7659C21E3F11C004C8D22 = {
						CreatedOnToolsVersion = 10.1;
						TestTargetID = C1D7658821E3F11A004C8D22;
					};
					C1D765A721E3F11C004C8D22 = {
						CreatedOnToolsVersion = 10.1;
						TestTargetID = C1D7658821E3F11A004C8D22;
					};
				};
			};
			buildConfigurationList = C1D7658421E3F11A004C8D22 /* Build configuration list for PBXProject "Toy_2" */;
			compatibilityVersion = "Xcode 9.3";
			developmentRegion = en;
			hasScannedForEncodings = 0;
			knownRegions = (
				en,
				Base,
			);
			mainGroup = C1D7658021E3F11A004C8D22;
			productRefGroup = C1D7658A21E3F11A004C8D22 /* Products */;
			projectDirPath = "";
			projectRoot = "";
			targets = (
				C1D7658821E3F11A004C8D22 /* Toy_2 */,
				C1D7659C21E3F11C004C8D22 /* Toy_2Tests */,
				C1D765A721E3F11C004C8D22 /* Toy_2UITests */,
			);
		};
/* End PBXProject section */

/* Begin PBXResourcesBuildPhase section */
		C1D7658721E3F11A004C8D22 /* Resources */ = {
			isa = PBXResourcesBuildPhase;
			buildActionMask = 2147483647;
			files = (
				C1D7659721E3F11C004C8D22 /* LaunchScreen.storyboard in Resources */,
				C1D7659421E3F11C004C8D22 /* Assets.xcassets in Resources */,
				C1D7659221E3F11A004C8D22 /* Main.storyboard in Resources */,
			);
			runOnlyForDeploymentPostprocessing = 0;
		};
		C1D7659B21E3F11C004C8D22 /* Resources */ = {
			isa = PBXResourcesBuildPhase;
			buildActionMask = 2147483647;
			files = (
			);
			runOnlyForDeploymentPostprocessing = 0;
		};
		C1D765A621E3F11C004C8D22 /* Resources */ = {
			isa = PBXResourcesBuildPhase;
			buildActionMask = 2147483647;
			files = (
			);
			runOnlyForDeploymentPostprocessing = 0;
		};
/* End PBXResourcesBuildPhase section */

/* Begin PBXSourcesBuildPhase section */
		C1D7658521E3F11A004C8D22 /* Sources */ = {
			isa = PBXSourcesBuildPhase;
			buildActionMask = 2147483647;
			files = (
				C1B803C021E41AE50058888B /* CatTableViewCell.swift in Sources */,
				C1D7658F21E3F11A004C8D22 /* ViewController.swift in Sources */,
				C1B803C321E434110058888B /* Cat.swift in Sources */,
				C1B803C521E439770058888B /* DetailViewController.swift in Sources */,
				C1B803BE21E419F00058888B /* CatTableViewController.swift in Sources */,
				C1D7658D21E3F11A004C8D22 /* AppDelegate.swift in Sources */,
			);
			runOnlyForDeploymentPostprocessing = 0;
		};
		C1D7659921E3F11C004C8D22 /* Sources */ = {
			isa = PBXSourcesBuildPhase;
			buildActionMask = 2147483647;
			files = (
				C1D765A221E3F11C004C8D22 /* Toy_2Tests.swift in Sources */,
			);
			runOnlyForDeploymentPostprocessing = 0;
		};
		C1D765A421E3F11C004C8D22 /* Sources */ = {
			isa = PBXSourcesBuildPhase;
			buildActionMask = 2147483647;
			files = (
				C1D765AD21E3F11C004C8D22 /* Toy_2UITests.swift in Sources */,
			);
			runOnlyForDeploymentPostprocessing = 0;
		};
/* End PBXSourcesBuildPhase section */

/* Begin PBXTargetDependency section */
		C1D7659F21E3F11C004C8D22 /* PBXTargetDependency */ = {
			isa = PBXTargetDependency;
			target = C1D7658821E3F11A004C8D22 /* Toy_2 */;
			targetProxy = C1D7659E21E3F11C004C8D22 /* PBXContainerItemProxy */;
		};
		C1D765AA21E3F11C004C8D22 /* PBXTargetDependency */ = {
			isa = PBXTargetDependency;
			target = C1D7658821E3F11A004C8D22 /* Toy_2 */;
			targetProxy = C1D765A921E3F11C004C8D22 /* PBXContainerItemProxy */;
		};
/* End PBXTargetDependency section */

/* Begin PBXVariantGroup section */
		C1D7659021E3F11A004C8D22 /* Main.storyboard */ = {
			isa = PBXVariantGroup;
			children = (
				C1D7659121E3F11A004C8D22 /* Base */,
			);
			name = Main.storyboard;
			sourceTree = "<group>";
		};
		C1D7659521E3F11C004C8D22 /* LaunchScreen.storyboard */ = {
			isa = PBXVariantGroup;
			children = (
				C1D7659621E3F11C004C8D22 /* Base */,
			);
			name = LaunchScreen.storyboard;
			sourceTree = "<group>";
		};
/* End PBXVariantGroup section */

/* Begin XCBuildConfiguration section */
		C1D765AF21E3F11C004C8D22 /* Debug */ = {
			isa = XCBuildConfiguration;
			buildSettings = {
				ALWAYS_SEARCH_USER_PATHS = NO;
				CLANG_ANALYZER_NONNULL = YES;
				CLANG_ANALYZER_NUMBER_OBJECT_CONVERSION = YES_AGGRESSIVE;
				CLANG_CXX_LANGUAGE_STANDARD = "gnu++14";
				CLANG_CXX_LIBRARY = "libc++";
				CLANG_ENABLE_MODULES = YES;
				CLANG_ENABLE_OBJC_ARC = YES;
				CLANG_ENABLE_OBJC_WEAK = YES;
				CLANG_WARN_BLOCK_CAPTURE_AUTORELEASING = YES;
				CLANG_WARN_BOOL_CONVERSION = YES;
				CLANG_WARN_COMMA = YES;
				CLANG_WARN_CONSTANT_CONVERSION = YES;
				CLANG_WARN_DEPRECATED_OBJC_IMPLEMENTATIONS = YES;
				CLANG_WARN_DIRECT_OBJC_ISA_USAGE = YES_ERROR;
				CLANG_WARN_DOCUMENTATION_COMMENTS = YES;
				CLANG_WARN_EMPTY_BODY = YES;
				CLANG_WARN_ENUM_CONVERSION = YES;
				CLANG_WARN_INFINITE_RECURSION = YES;
				CLANG_WARN_INT_CONVERSION = YES;
				CLANG_WARN_NON_LITERAL_NULL_CONVERSION = YES;
				CLANG_WARN_OBJC_IMPLICIT_RETAIN_SELF = YES;
				CLANG_WARN_OBJC_LITERAL_CONVERSION = YES;
				CLANG_WARN_OBJC_ROOT_CLASS = YES_ERROR;
				CLANG_WARN_RANGE_LOOP_ANALYSIS = YES;
				CLANG_WARN_STRICT_PROTOTYPES = YES;
				CLANG_WARN_SUSPICIOUS_MOVE = YES;
				CLANG_WARN_UNGUARDED_AVAILABILITY = YES_AGGRESSIVE;
				CLANG_WARN_UNREACHABLE_CODE = YES;
				CLANG_WARN__DUPLICATE_METHOD_MATCH = YES;
				CODE_SIGN_IDENTITY = "iPhone Developer";
				COPY_PHASE_STRIP = NO;
				DEBUG_INFORMATION_FORMAT = dwarf;
				ENABLE_STRICT_OBJC_MSGSEND = YES;
				ENABLE_TESTABILITY = YES;
				GCC_C_LANGUAGE_STANDARD = gnu11;
				GCC_DYNAMIC_NO_PIC = NO;
				GCC_NO_COMMON_BLOCKS = YES;
				GCC_OPTIMIZATION_LEVEL = 0;
				GCC_PREPROCESSOR_DEFINITIONS = (
					"DEBUG=1",
					"$(inherited)",
				);
				GCC_WARN_64_TO_32_BIT_CONVERSION = YES;
				GCC_WARN_ABOUT_RETURN_TYPE = YES_ERROR;
				GCC_WARN_UNDECLARED_SELECTOR = YES;
				GCC_WARN_UNINITIALIZED_AUTOS = YES_AGGRESSIVE;
				GCC_WARN_UNUSED_FUNCTION = YES;
				GCC_WARN_UNUSED_VARIABLE = YES;
				IPHONEOS_DEPLOYMENT_TARGET = 12.1;
				MTL_ENABLE_DEBUG_INFO = INCLUDE_SOURCE;
				MTL_FAST_MATH = YES;
				ONLY_ACTIVE_ARCH = YES;
				SDKROOT = iphoneos;
				SWIFT_ACTIVE_COMPILATION_CONDITIONS = DEBUG;
				SWIFT_OPTIMIZATION_LEVEL = "-Onone";
			};
			name = Debug;
		};
		C1D765B021E3F11C004C8D22 /* Release */ = {
			isa = XCBuildConfiguration;
			buildSettings = {
				ALWAYS_SEARCH_USER_PATHS = NO;
				CLANG_ANALYZER_NONNULL = YES;
				CLANG_ANALYZER_NUMBER_OBJECT_CONVERSION = YES_AGGRESSIVE;
				CLANG_CXX_LANGUAGE_STANDARD = "gnu++14";
				CLANG_CXX_LIBRARY = "libc++";
				CLANG_ENABLE_MODULES = YES;
				CLANG_ENABLE_OBJC_ARC = YES;
				CLANG_ENABLE_OBJC_WEAK = YES;
				CLANG_WARN_BLOCK_CAPTURE_AUTORELEASING = YES;
				CLANG_WARN_BOOL_CONVERSION = YES;
				CLANG_WARN_COMMA = YES;
				CLANG_WARN_CONSTANT_CONVERSION = YES;
				CLANG_WARN_DEPRECATED_OBJC_IMPLEMENTATIONS = YES;
				CLANG_WARN_DIRECT_OBJC_ISA_USAGE = YES_ERROR;
				CLANG_WARN_DOCUMENTATION_COMMENTS = YES;
				CLANG_WARN_EMPTY_BODY = YES;
				CLANG_WARN_ENUM_CONVERSION = YES;
				CLANG_WARN_INFINITE_RECURSION = YES;
				CLANG_WARN_INT_CONVERSION = YES;
				CLANG_WARN_NON_LITERAL_NULL_CONVERSION = YES;
				CLANG_WARN_OBJC_IMPLICIT_RETAIN_SELF = YES;
				CLANG_WARN_OBJC_LITERAL_CONVERSION = YES;
				CLANG_WARN_OBJC_ROOT_CLASS = YES_ERROR;
				CLANG_WARN_RANGE_LOOP_ANALYSIS = YES;
				CLANG_WARN_STRICT_PROTOTYPES = YES;
				CLANG_WARN_SUSPICIOUS_MOVE = YES;
				CLANG_WARN_UNGUARDED_AVAILABILITY = YES_AGGRESSIVE;
				CLANG_WARN_UNREACHABLE_CODE = YES;
				CLANG_WARN__DUPLICATE_METHOD_MATCH = YES;
				CODE_SIGN_IDENTITY = "iPhone Developer";
				COPY_PHASE_STRIP = NO;
				DEBUG_INFORMATION_FORMAT = "dwarf-with-dsym";
				ENABLE_NS_ASSERTIONS = NO;
				ENABLE_STRICT_OBJC_MSGSEND = YES;
				GCC_C_LANGUAGE_STANDARD = gnu11;
				GCC_NO_COMMON_BLOCKS = YES;
				GCC_WARN_64_TO_32_BIT_CONVERSION = YES;
				GCC_WARN_ABOUT_RETURN_TYPE = YES_ERROR;
				GCC_WARN_UNDECLARED_SELECTOR = YES;
				GCC_WARN_UNINITIALIZED_AUTOS = YES_AGGRESSIVE;
				GCC_WARN_UNUSED_FUNCTION = YES;
				GCC_WARN_UNUSED_VARIABLE = YES;
				IPHONEOS_DEPLOYMENT_TARGET = 12.1;
				MTL_ENABLE_DEBUG_INFO = NO;
				MTL_FAST_MATH = YES;
				SDKROOT = iphoneos;
				SWIFT_COMPILATION_MODE = wholemodule;
				SWIFT_OPTIMIZATION_LEVEL = "-O";
				VALIDATE_PRODUCT = YES;
			};
			name = Release;
		};
		C1D765B221E3F11C004C8D22 /* Debug */ = {
			isa = XCBuildConfiguration;
			buildSettings = {
				ASSETCATALOG_COMPILER_APPICON_NAME = AppIcon;
				CODE_SIGN_STYLE = Automatic;
				INFOPLIST_FILE = Toy_2/Info.plist;
				LD_RUNPATH_SEARCH_PATHS = (
					"$(inherited)",
					"@executable_path/Frameworks",
				);
				PRODUCT_BUNDLE_IDENTIFIER = "appdev.Toy-2";
				PRODUCT_NAME = "$(TARGET_NAME)";
				SWIFT_VERSION = 4.2;
				TARGETED_DEVICE_FAMILY = "1,2";
			};
			name = Debug;
		};
		C1D765B321E3F11C004C8D22 /* Release */ = {
			isa = XCBuildConfiguration;
			buildSettings = {
				ASSETCATALOG_COMPILER_APPICON_NAME = AppIcon;
				CODE_SIGN_STYLE = Automatic;
				INFOPLIST_FILE = Toy_2/Info.plist;
				LD_RUNPATH_SEARCH_PATHS = (
					"$(inherited)",
					"@executable_path/Frameworks",
				);
				PRODUCT_BUNDLE_IDENTIFIER = "appdev.Toy-2";
				PRODUCT_NAME = "$(TARGET_NAME)";
				SWIFT_VERSION = 4.2;
				TARGETED_DEVICE_FAMILY = "1,2";
			};
			name = Release;
		};
		C1D765B521E3F11C004C8D22 /* Debug */ = {
			isa = XCBuildConfiguration;
			buildSettings = {
				ALWAYS_EMBED_SWIFT_STANDARD_LIBRARIES = YES;
				BUNDLE_LOADER = "$(TEST_HOST)";
				CODE_SIGN_STYLE = Automatic;
				INFOPLIST_FILE = Toy_2Tests/Info.plist;
				LD_RUNPATH_SEARCH_PATHS = (
					"$(inherited)",
					"@executable_path/Frameworks",
					"@loader_path/Frameworks",
				);
				PRODUCT_BUNDLE_IDENTIFIER = "appdev.Toy-2Tests";
				PRODUCT_NAME = "$(TARGET_NAME)";
				SWIFT_VERSION = 4.2;
				TARGETED_DEVICE_FAMILY = "1,2";
				TEST_HOST = "$(BUILT_PRODUCTS_DIR)/Toy_2.app/Toy_2";
			};
			name = Debug;
		};
		C1D765B621E3F11C004C8D22 /* Release */ = {
			isa = XCBuildConfiguration;
			buildSettings = {
				ALWAYS_EMBED_SWIFT_STANDARD_LIBRARIES = YES;
				BUNDLE_LOADER = "$(TEST_HOST)";
				CODE_SIGN_STYLE = Automatic;
				INFOPLIST_FILE = Toy_2Tests/Info.plist;
				LD_RUNPATH_SEARCH_PATHS = (
					"$(inherited)",
					"@executable_path/Frameworks",
					"@loader_path/Frameworks",
				);
				PRODUCT_BUNDLE_IDENTIFIER = "appdev.Toy-2Tests";
				PRODUCT_NAME = "$(TARGET_NAME)";
				SWIFT_VERSION = 4.2;
				TARGETED_DEVICE_FAMILY = "1,2";
				TEST_HOST = "$(BUILT_PRODUCTS_DIR)/Toy_2.app/Toy_2";
			};
			name = Release;
		};
		C1D765B821E3F11C004C8D22 /* Debug */ = {
			isa = XCBuildConfiguration;
			buildSettings = {
				ALWAYS_EMBED_SWIFT_STANDARD_LIBRARIES = YES;
				CODE_SIGN_STYLE = Automatic;
				INFOPLIST_FILE = Toy_2UITests/Info.plist;
				LD_RUNPATH_SEARCH_PATHS = (
					"$(inherited)",
					"@executable_path/Frameworks",
					"@loader_path/Frameworks",
				);
				PRODUCT_BUNDLE_IDENTIFIER = "appdev.Toy-2UITests";
				PRODUCT_NAME = "$(TARGET_NAME)";
				SWIFT_VERSION = 4.2;
				TARGETED_DEVICE_FAMILY = "1,2";
				TEST_TARGET_NAME = Toy_2;
			};
			name = Debug;
		};
		C1D765B921E3F11C004C8D22 /* Release */ = {
			isa = XCBuildConfiguration;
			buildSettings = {
				ALWAYS_EMBED_SWIFT_STANDARD_LIBRARIES = YES;
				CODE_SIGN_STYLE = Automatic;
				INFOPLIST_FILE = Toy_2UITests/Info.plist;
				LD_RUNPATH_SEARCH_PATHS = (
					"$(inherited)",
					"@executable_path/Frameworks",
					"@loader_path/Frameworks",
				);
				PRODUCT_BUNDLE_IDENTIFIER = "appdev.Toy-2UITests";
				PRODUCT_NAME = "$(TARGET_NAME)";
				SWIFT_VERSION = 4.2;
				TARGETED_DEVICE_FAMILY = "1,2";
				TEST_TARGET_NAME = Toy_2;
			};
			name = Release;
		};
/* End XCBuildConfiguration section */

/* Begin XCConfigurationList section */
		C1D7658421E3F11A004C8D22 /* Build configuration list for PBXProject "Toy_2" */ = {
			isa = XCConfigurationList;
			buildConfigurations = (
				C1D765AF21E3F11C004C8D22 /* Debug */,
				C1D765B021E3F11C004C8D22 /* Release */,
			);
			defaultConfigurationIsVisible = 0;
			defaultConfigurationName = Release;
		};
		C1D765B121E3F11C004C8D22 /* Build configuration list for PBXNativeTarget "Toy_2" */ = {
			isa = XCConfigurationList;
			buildConfigurations = (
				C1D765B221E3F11C004C8D22 /* Debug */,
				C1D765B321E3F11C004C8D22 /* Release */,
			);
			defaultConfigurationIsVisible = 0;
			defaultConfigurationName = Release;
		};
		C1D765B421E3F11C004C8D22 /* Build configuration list for PBXNativeTarget "Toy_2Tests" */ = {
			isa = XCConfigurationList;
			buildConfigurations = (
				C1D765B521E3F11C004C8D22 /* Debug */,
				C1D765B621E3F11C004C8D22 /* Release */,
			);
			defaultConfigurationIsVisible = 0;
			defaultConfigurationName = Release;
		};
		C1D765B721E3F11C004C8D22 /* Build configuration list for PBXNativeTarget "Toy_2UITests" */ = {
			isa = XCConfigurationList;
			buildConfigurations = (
				C1D765B821E3F11C004C8D22 /* Debug */,
				C1D765B921E3F11C004C8D22 /* Release */,
			);
			defaultConfigurationIsVisible = 0;
			defaultConfigurationName = Release;
		};
/* End XCConfigurationList section */
	};
	rootObject = C1D7658121E3F11A004C8D22 /* Project object */;
}
